
Microsoft Visual Studio Solution File, Format Version 12.00
# Visual Studio Version 17
VisualStudioVersion = 17.4.33205.214
MinimumVisualStudioVersion = 10.0.40219.1
Project("{9A19103F-16F7-4668-BE54-9A1E7A4F7556}") = "PasswordGen", "PasswordGen\PasswordGen.csproj", "{C0BB3C39-7897-4C13-B29F-C1E955DF6F3F}"
EndProject
Project("{9A19103F-16F7-4668-BE54-9A1E7A4F7556}") = "PassWordCGenerator", "PassWordCGenerator\PassWordCGenerator.csproj", "{6B945FB3-E4B1-48A3-A427-C40020D2D039}"
EndProject
Global
	GlobalSection(SolutionConfigurationPlatforms) = preSolution
		Debug|Any CPU = Debug|Any CPU
		Release|Any CPU = Release|Any CPU
	EndGlobalSection
	GlobalSection(ProjectConfigurationPlatforms) = postSolution
		{C0BB3C39-7897-4C13-B29F-C1E955DF6F3F}.Debug|Any CPU.ActiveCfg = Debug|Any CPU
		{C0BB3C39-7897-4C13-B29F-C1E955DF6F3F}.Debug|Any CPU.Build.0 = Debug|Any CPU
		{C0BB3C39-7897-4C13-B29F-C1E955DF6F3F}.Release|Any CPU.ActiveCfg = Release|Any CPU
		{C0BB3C39-7897-4C13-B29F-C1E955DF6F3F}.Release|Any CPU.Build.0 = Release|Any CPU
		{6B945FB3-E4B1-48A3-A427-C40020D2D039}.Debug|Any CPU.ActiveCfg = Debug|Any CPU
		{6B945FB3-E4B1-48A3-A427-C40020D2D039}.Debug|Any CPU.Build.0 = Debug|Any CPU
		{6B945FB3-E4B1-48A3-A427-C40020D2D039}.Release|Any CPU.ActiveCfg = Release|Any CPU
		{6B945FB3-E4B1-48A3-A427-C40020D2D039}.Release|Any CPU.Build.0 = Release|Any CPU
	EndGlobalSection
	GlobalSection(SolutionProperties) = preSolution
		HideSolutionNode = FALSE
	EndGlobalSection
	GlobalSection(ExtensibilityGlobals) = postSolution
		SolutionGuid = {A3FD0C6B-EA79-4507-9897-AC603CC3570B}
	EndGlobalSection
EndGlobal
